// !$*UTF8*$!
{
	archiveVersion = 1;
	classes = {
	};
	objectVersion = 55;
	objects = {

/* Begin PBXBuildFile section */
		34D88529282DD0960041CFD0 /* CatalogTableViewCell.swift in Sources */ = {isa = PBXBuildFile; fileRef = 34D88528282DD0960041CFD0 /* CatalogTableViewCell.swift */; };
		34DAE95228259D7B00354B53 /* AppDelegate.swift in Sources */ = {isa = PBXBuildFile; fileRef = 34DAE95128259D7B00354B53 /* AppDelegate.swift */; };
		34DAE95428259D7B00354B53 /* SceneDelegate.swift in Sources */ = {isa = PBXBuildFile; fileRef = 34DAE95328259D7B00354B53 /* SceneDelegate.swift */; };
		34DAE95628259D7B00354B53 /* ViewController.swift in Sources */ = {isa = PBXBuildFile; fileRef = 34DAE95528259D7B00354B53 /* ViewController.swift */; };
		34DAE95928259D7B00354B53 /* Main.storyboard in Resources */ = {isa = PBXBuildFile; fileRef = 34DAE95728259D7B00354B53 /* Main.storyboard */; };
		34DAE95B28259D7D00354B53 /* Assets.xcassets in Resources */ = {isa = PBXBuildFile; fileRef = 34DAE95A28259D7D00354B53 /* Assets.xcassets */; };
		34DAE95E28259D7D00354B53 /* LaunchScreen.storyboard in Resources */ = {isa = PBXBuildFile; fileRef = 34DAE95C28259D7D00354B53 /* LaunchScreen.storyboard */; };
		34DAE9692825A35400354B53 /* FirebaseAnalytics in Frameworks */ = {isa = PBXBuildFile; productRef = 34DAE9682825A35400354B53 /* FirebaseAnalytics */; };
		34DAE96B2825A35400354B53 /* FirebaseAuth in Frameworks */ = {isa = PBXBuildFile; productRef = 34DAE96A2825A35400354B53 /* FirebaseAuth */; };
		34DAE96D2825A35400354B53 /* FirebaseDatabase in Frameworks */ = {isa = PBXBuildFile; productRef = 34DAE96C2825A35400354B53 /* FirebaseDatabase */; };
		34E33D672825B5FD0043FF80 /* GoogleService-Info.plist in Resources */ = {isa = PBXBuildFile; fileRef = 34E33D662825B5FD0043FF80 /* GoogleService-Info.plist */; };
		34E33D702825EB820043FF80 /* AboutProjectViewController.swift in Sources */ = {isa = PBXBuildFile; fileRef = 34E33D6F2825EB820043FF80 /* AboutProjectViewController.swift */; };
		34E33D72282678070043FF80 /* CatalogViewController.swift in Sources */ = {isa = PBXBuildFile; fileRef = 34E33D71282678070043FF80 /* CatalogViewController.swift */; };
/* End PBXBuildFile section */

/* Begin PBXFileReference section */
		34D88528282DD0960041CFD0 /* CatalogTableViewCell.swift */ = {isa = PBXFileReference; lastKnownFileType = sourcecode.swift; path = CatalogTableViewCell.swift; sourceTree = "<group>"; };
		34DAE94E28259D7B00354B53 /* MerchMuiv.app */ = {isa = PBXFileReference; explicitFileType = wrapper.application; includeInIndex = 0; path = MerchMuiv.app; sourceTree = BUILT_PRODUCTS_DIR; };
		34DAE95128259D7B00354B53 /* AppDelegate.swift */ = {isa = PBXFileReference; lastKnownFileType = sourcecode.swift; path = AppDelegate.swift; sourceTree = "<group>"; };
		34DAE95328259D7B00354B53 /* SceneDelegate.swift */ = {isa = PBXFileReference; lastKnownFileType = sourcecode.swift; path = SceneDelegate.swift; sourceTree = "<group>"; };
		34DAE95528259D7B00354B53 /* ViewController.swift */ = {isa = PBXFileReference; lastKnownFileType = sourcecode.swift; path = ViewController.swift; sourceTree = "<group>"; };
		34DAE95828259D7B00354B53 /* Base */ = {isa = PBXFileReference; lastKnownFileType = file.storyboard; name = Base; path = Base.lproj/Main.storyboard; sourceTree = "<group>"; };
		34DAE95A28259D7D00354B53 /* Assets.xcassets */ = {isa = PBXFileReference; lastKnownFileType = folder.assetcatalog; path = Assets.xcassets; sourceTree = "<group>"; };
		34DAE95D28259D7D00354B53 /* Base */ = {isa = PBXFileReference; lastKnownFileType = file.storyboard; name = Base; path = Base.lproj/LaunchScreen.storyboard; sourceTree = "<group>"; };
		34DAE95F28259D7D00354B53 /* Info.plist */ = {isa = PBXFileReference; lastKnownFileType = text.plist.xml; path = Info.plist; sourceTree = "<group>"; };
		34E33D662825B5FD0043FF80 /* GoogleService-Info.plist */ = {isa = PBXFileReference; fileEncoding = 4; lastKnownFileType = text.plist.xml; path = "GoogleService-Info.plist"; sourceTree = "<group>"; };
		34E33D6F2825EB820043FF80 /* AboutProjectViewController.swift */ = {isa = PBXFileReference; lastKnownFileType = sourcecode.swift; path = AboutProjectViewController.swift; sourceTree = "<group>"; };
		34E33D71282678070043FF80 /* CatalogViewController.swift */ = {isa = PBXFileReference; lastKnownFileType = sourcecode.swift; path = CatalogViewController.swift; sourceTree = "<group>"; };
/* End PBXFileReference section */

/* Begin PBXFrameworksBuildPhase section */
		34DAE94B28259D7B00354B53 /* Frameworks */ = {
			isa = PBXFrameworksBuildPhase;
			buildActionMask = 2147483647;
			files = (
				34DAE96D2825A35400354B53 /* FirebaseDatabase in Frameworks */,
				34DAE9692825A35400354B53 /* FirebaseAnalytics in Frameworks */,
				34DAE96B2825A35400354B53 /* FirebaseAuth in Frameworks */,
			);
			runOnlyForDeploymentPostprocessing = 0;
		};
/* End PBXFrameworksBuildPhase section */

/* Begin PBXGroup section */
		34DAE94528259D7B00354B53 = {
			isa = PBXGroup;
			children = (
				34DAE95028259D7B00354B53 /* MerchMuiv */,
				34DAE94F28259D7B00354B53 /* Products */,
			);
			sourceTree = "<group>";
			usesTabs = 0;
		};
		34DAE94F28259D7B00354B53 /* Products */ = {
			isa = PBXGroup;
			children = (
				34DAE94E28259D7B00354B53 /* MerchMuiv.app */,
			);
			name = Products;
			sourceTree = "<group>";
		};
		34DAE95028259D7B00354B53 /* MerchMuiv */ = {
			isa = PBXGroup;
			children = (
				34E33D662825B5FD0043FF80 /* GoogleService-Info.plist */,
				34DAE95F28259D7D00354B53 /* Info.plist */,
				34E33D73282699A50043FF80 /* Models */,
				34E33D6C2825BB990043FF80 /* Views */,
				34E33D6B2825BB800043FF80 /* Controllers */,
				34E33D682825BB210043FF80 /* Resources */,
			);
			path = MerchMuiv;
			sourceTree = "<group>";
		};
		34E33D682825BB210043FF80 /* Resources */ = {
			isa = PBXGroup;
			children = (
				34DAE95128259D7B00354B53 /* AppDelegate.swift */,
				34DAE95328259D7B00354B53 /* SceneDelegate.swift */,
				34DAE95A28259D7D00354B53 /* Assets.xcassets */,
			);
			path = Resources;
			sourceTree = "<group>";
		};
		34E33D6B2825BB800043FF80 /* Controllers */ = {
			isa = PBXGroup;
			children = (
				34DAE95528259D7B00354B53 /* ViewController.swift */,
				34E33D6F2825EB820043FF80 /* AboutProjectViewController.swift */,
				34D88528282DD0960041CFD0 /* CatalogTableViewCell.swift */,
				34E33D71282678070043FF80 /* CatalogViewController.swift */,
			);
			path = Controllers;
			sourceTree = "<group>";
		};
		34E33D6C2825BB990043FF80 /* Views */ = {
			isa = PBXGroup;
			children = (
				34DAE95C28259D7D00354B53 /* LaunchScreen.storyboard */,
				34DAE95728259D7B00354B53 /* Main.storyboard */,
			);
			path = Views;
			sourceTree = "<group>";
		};
		34E33D73282699A50043FF80 /* Models */ = {
			isa = PBXGroup;
			children = (
			);
			path = Models;
			sourceTree = "<group>";
		};
/* End PBXGroup section */

/* Begin PBXNativeTarget section */
		34DAE94D28259D7B00354B53 /* MerchMuiv */ = {
			isa = PBXNativeTarget;
			buildConfigurationList = 34DAE96228259D7D00354B53 /* Build configuration list for PBXNativeTarget "MerchMuiv" */;
			buildPhases = (
				34DAE94A28259D7B00354B53 /* Sources */,
				34DAE94B28259D7B00354B53 /* Frameworks */,
				34DAE94C28259D7B00354B53 /* Resources */,
			);
			buildRules = (
			);
			dependencies = (
			);
			name = MerchMuiv;
			packageProductDependencies = (
				34DAE9682825A35400354B53 /* FirebaseAnalytics */,
				34DAE96A2825A35400354B53 /* FirebaseAuth */,
				34DAE96C2825A35400354B53 /* FirebaseDatabase */,
			);
			productName = MerchMuiv;
			productReference = 34DAE94E28259D7B00354B53 /* MerchMuiv.app */;
			productType = "com.apple.product-type.application";
		};
/* End PBXNativeTarget section */

/* Begin PBXProject section */
		34DAE94628259D7B00354B53 /* Project object */ = {
			isa = PBXProject;
			attributes = {
				BuildIndependentTargetsInParallel = 1;
				LastSwiftUpdateCheck = 1320;
				LastUpgradeCheck = 1320;
				TargetAttributes = {
					34DAE94D28259D7B00354B53 = {
						CreatedOnToolsVersion = 13.2.1;
					};
				};
			};
			buildConfigurationList = 34DAE94928259D7B00354B53 /* Build configuration list for PBXProject "MerchMuiv" */;
			compatibilityVersion = "Xcode 13.0";
			developmentRegion = en;
			hasScannedForEncodings = 0;
			knownRegions = (
				en,
				Base,
			);
			mainGroup = 34DAE94528259D7B00354B53;
			packageReferences = (
				34DAE9672825A35400354B53 /* XCRemoteSwiftPackageReference "firebase-ios-sdk" */,
			);
			productRefGroup = 34DAE94F28259D7B00354B53 /* Products */;
			projectDirPath = "";
			projectRoot = "";
			targets = (
				34DAE94D28259D7B00354B53 /* MerchMuiv */,
			);
		};
/* End PBXProject section */

/* Begin PBXResourcesBuildPhase section */
		34DAE94C28259D7B00354B53 /* Resources */ = {
			isa = PBXResourcesBuildPhase;
			buildActionMask = 2147483647;
			files = (
				34DAE95E28259D7D00354B53 /* LaunchScreen.storyboard in Resources */,
				34E33D672825B5FD0043FF80 /* GoogleService-Info.plist in Resources */,
				34DAE95B28259D7D00354B53 /* Assets.xcassets in Resources */,
				34DAE95928259D7B00354B53 /* Main.storyboard in Resources */,
			);
			runOnlyForDeploymentPostprocessing = 0;
		};
/* End PBXResourcesBuildPhase section */

/* Begin PBXSourcesBuildPhase section */
		34DAE94A28259D7B00354B53 /* Sources */ = {
			isa = PBXSourcesBuildPhase;
			buildActionMask = 2147483647;
			files = (
				34E33D72282678070043FF80 /* CatalogViewController.swift in Sources */,
				34E33D702825EB820043FF80 /* AboutProjectViewController.swift in Sources */,
				34DAE95628259D7B00354B53 /* ViewController.swift in Sources */,
				34D88529282DD0960041CFD0 /* CatalogTableViewCell.swift in Sources */,
				34DAE95228259D7B00354B53 /* AppDelegate.swift in Sources */,
				34DAE95428259D7B00354B53 /* SceneDelegate.swift in Sources */,
			);
			runOnlyForDeploymentPostprocessing = 0;
		};
/* End PBXSourcesBuildPhase section */

/* Begin PBXVariantGroup section */
		34DAE95728259D7B00354B53 /* Main.storyboard */ = {
			isa = PBXVariantGroup;
			children = (
				34DAE95828259D7B00354B53 /* Base */,
			);
			name = Main.storyboard;
			sourceTree = "<group>";
		};
		34DAE95C28259D7D00354B53 /* LaunchScreen.storyboard */ = {
			isa = PBXVariantGroup;
			children = (
				34DAE95D28259D7D00354B53 /* Base */,
			);
			name = LaunchScreen.storyboard;
			sourceTree = "<group>";
		};
/* End PBXVariantGroup section */

/* Begin XCBuildConfiguration section */
		34DAE96028259D7D00354B53 /* Debug */ = {
			isa = XCBuildConfiguration;
			buildSettings = {
				ALWAYS_SEARCH_USER_PATHS = NO;
				CLANG_ANALYZER_NONNULL = YES;
				CLANG_ANALYZER_NUMBER_OBJECT_CONVERSION = YES_AGGRESSIVE;
				CLANG_CXX_LANGUAGE_STANDARD = "gnu++17";
				CLANG_CXX_LIBRARY = "libc++";
				CLANG_ENABLE_MODULES = YES;
				CLANG_ENABLE_OBJC_ARC = YES;
				CLANG_ENABLE_OBJC_WEAK = YES;
				CLANG_WARN_BLOCK_CAPTURE_AUTORELEASING = YES;
				CLANG_WARN_BOOL_CONVERSION = YES;
				CLANG_WARN_COMMA = YES;
				CLANG_WARN_CONSTANT_CONVERSION = YES;
				CLANG_WARN_DEPRECATED_OBJC_IMPLEMENTATIONS = YES;
				CLANG_WARN_DIRECT_OBJC_ISA_USAGE = YES_ERROR;
				CLANG_WARN_DOCUMENTATION_COMMENTS = YES;
				CLANG_WARN_EMPTY_BODY = YES;
				CLANG_WARN_ENUM_CONVERSION = YES;
				CLANG_WARN_INFINITE_RECURSION = YES;
				CLANG_WARN_INT_CONVERSION = YES;
				CLANG_WARN_NON_LITERAL_NULL_CONVERSION = YES;
				CLANG_WARN_OBJC_IMPLICIT_RETAIN_SELF = YES;
				CLANG_WARN_OBJC_LITERAL_CONVERSION = YES;
				CLANG_WARN_OBJC_ROOT_CLASS = YES_ERROR;
				CLANG_WARN_QUOTED_INCLUDE_IN_FRAMEWORK_HEADER = YES;
				CLANG_WARN_RANGE_LOOP_ANALYSIS = YES;
				CLANG_WARN_STRICT_PROTOTYPES = YES;
				CLANG_WARN_SUSPICIOUS_MOVE = YES;
				CLANG_WARN_UNGUARDED_AVAILABILITY = YES_AGGRESSIVE;
				CLANG_WARN_UNREACHABLE_CODE = YES;
				CLANG_WARN__DUPLICATE_METHOD_MATCH = YES;
				COPY_PHASE_STRIP = NO;
				DEBUG_INFORMATION_FORMAT = dwarf;
				ENABLE_STRICT_OBJC_MSGSEND = YES;
				ENABLE_TESTABILITY = YES;
				GCC_C_LANGUAGE_STANDARD = gnu11;
				GCC_DYNAMIC_NO_PIC = NO;
				GCC_NO_COMMON_BLOCKS = YES;
				GCC_OPTIMIZATION_LEVEL = 0;
				GCC_PREPROCESSOR_DEFINITIONS = (
					"DEBUG=1",
					"$(inherited)",
				);
				GCC_WARN_64_TO_32_BIT_CONVERSION = YES;
				GCC_WARN_ABOUT_RETURN_TYPE = YES_ERROR;
				GCC_WARN_UNDECLARED_SELECTOR = YES;
				GCC_WARN_UNINITIALIZED_AUTOS = YES_AGGRESSIVE;
				GCC_WARN_UNUSED_FUNCTION = YES;
				GCC_WARN_UNUSED_VARIABLE = YES;
				IPHONEOS_DEPLOYMENT_TARGET = 15.2;
				MTL_ENABLE_DEBUG_INFO = INCLUDE_SOURCE;
				MTL_FAST_MATH = YES;
				ONLY_ACTIVE_ARCH = YES;
				SDKROOT = iphoneos;
				SWIFT_ACTIVE_COMPILATION_CONDITIONS = DEBUG;
				SWIFT_OPTIMIZATION_LEVEL = "-Onone";
			};
			name = Debug;
		};
		34DAE96128259D7D00354B53 /* Release */ = {
			isa = XCBuildConfiguration;
			buildSettings = {
				ALWAYS_SEARCH_USER_PATHS = NO;
				CLANG_ANALYZER_NONNULL = YES;
				CLANG_ANALYZER_NUMBER_OBJECT_CONVERSION = YES_AGGRESSIVE;
				CLANG_CXX_LANGUAGE_STANDARD = "gnu++17";
				CLANG_CXX_LIBRARY = "libc++";
				CLANG_ENABLE_MODULES = YES;
				CLANG_ENABLE_OBJC_ARC = YES;
				CLANG_ENABLE_OBJC_WEAK = YES;
				CLANG_WARN_BLOCK_CAPTURE_AUTORELEASING = YES;
				CLANG_WARN_BOOL_CONVERSION = YES;
				CLANG_WARN_COMMA = YES;
				CLANG_WARN_CONSTANT_CONVERSION = YES;
				CLANG_WARN_DEPRECATED_OBJC_IMPLEMENTATIONS = YES;
				CLANG_WARN_DIRECT_OBJC_ISA_USAGE = YES_ERROR;
				CLANG_WARN_DOCUMENTATION_COMMENTS = YES;
				CLANG_WARN_EMPTY_BODY = YES;
				CLANG_WARN_ENUM_CONVERSION = YES;
				CLANG_WARN_INFINITE_RECURSION = YES;
				CLANG_WARN_INT_CONVERSION = YES;
				CLANG_WARN_NON_LITERAL_NULL_CONVERSION = YES;
				CLANG_WARN_OBJC_IMPLICIT_RETAIN_SELF = YES;
				CLANG_WARN_OBJC_LITERAL_CONVERSION = YES;
				CLANG_WARN_OBJC_ROOT_CLASS = YES_ERROR;
				CLANG_WARN_QUOTED_INCLUDE_IN_FRAMEWORK_HEADER = YES;
				CLANG_WARN_RANGE_LOOP_ANALYSIS = YES;
				CLANG_WARN_STRICT_PROTOTYPES = YES;
				CLANG_WARN_SUSPICIOUS_MOVE = YES;
				CLANG_WARN_UNGUARDED_AVAILABILITY = YES_AGGRESSIVE;
				CLANG_WARN_UNREACHABLE_CODE = YES;
				CLANG_WARN__DUPLICATE_METHOD_MATCH = YES;
				COPY_PHASE_STRIP = NO;
				DEBUG_INFORMATION_FORMAT = "dwarf-with-dsym";
				ENABLE_NS_ASSERTIONS = NO;
				ENABLE_STRICT_OBJC_MSGSEND = YES;
				GCC_C_LANGUAGE_STANDARD = gnu11;
				GCC_NO_COMMON_BLOCKS = YES;
				GCC_WARN_64_TO_32_BIT_CONVERSION = YES;
				GCC_WARN_ABOUT_RETURN_TYPE = YES_ERROR;
				GCC_WARN_UNDECLARED_SELECTOR = YES;
				GCC_WARN_UNINITIALIZED_AUTOS = YES_AGGRESSIVE;
				GCC_WARN_UNUSED_FUNCTION = YES;
				GCC_WARN_UNUSED_VARIABLE = YES;
				IPHONEOS_DEPLOYMENT_TARGET = 15.2;
				MTL_ENABLE_DEBUG_INFO = NO;
				MTL_FAST_MATH = YES;
				SDKROOT = iphoneos;
				SWIFT_COMPILATION_MODE = wholemodule;
				SWIFT_OPTIMIZATION_LEVEL = "-O";
				VALIDATE_PRODUCT = YES;
			};
			name = Release;
		};
		34DAE96328259D7D00354B53 /* Debug */ = {
			isa = XCBuildConfiguration;
			buildSettings = {
				ASSETCATALOG_COMPILER_APPICON_NAME = AppIcon;
				ASSETCATALOG_COMPILER_GLOBAL_ACCENT_COLOR_NAME = AccentColor;
				CODE_SIGN_STYLE = Automatic;
				CURRENT_PROJECT_VERSION = 1;
				GENERATE_INFOPLIST_FILE = YES;
				INFOPLIST_FILE = MerchMuiv/Info.plist;
				INFOPLIST_KEY_UIApplicationSupportsIndirectInputEvents = YES;
				INFOPLIST_KEY_UILaunchStoryboardName = LaunchScreen;
				INFOPLIST_KEY_UIMainStoryboardFile = Main;
				INFOPLIST_KEY_UISupportedInterfaceOrientations_iPad = "UIInterfaceOrientationPortrait UIInterfaceOrientationPortraitUpsideDown UIInterfaceOrientationLandscapeLeft UIInterfaceOrientationLandscapeRight";
				INFOPLIST_KEY_UISupportedInterfaceOrientations_iPhone = "UIInterfaceOrientationPortrait UIInterfaceOrientationLandscapeLeft UIInterfaceOrientationLandscapeRight";
				LD_RUNPATH_SEARCH_PATHS = (
					"$(inherited)",
					"@executable_path/Frameworks",
				);
				MARKETING_VERSION = 1.0;
				PRODUCT_BUNDLE_IDENTIFIER = Iam.MerchMuiv;
				PRODUCT_NAME = "$(TARGET_NAME)";
				SWIFT_EMIT_LOC_STRINGS = YES;
				SWIFT_VERSION = 5.0;
				TARGETED_DEVICE_FAMILY = 1;
			};
			name = Debug;
		};
		34DAE96428259D7D00354B53 /* Release */ = {
			isa = XCBuildConfiguration;
			buildSettings = {
				ASSETCATALOG_COMPILER_APPICON_NAME = AppIcon;
				ASSETCATALOG_COMPILER_GLOBAL_ACCENT_COLOR_NAME = AccentColor;
				CODE_SIGN_STYLE = Automatic;
				CURRENT_PROJECT_VERSION = 1;
				GENERATE_INFOPLIST_FILE = YES;
				INFOPLIST_FILE = MerchMuiv/Info.plist;
				INFOPLIST_KEY_UIApplicationSupportsIndirectInputEvents = YES;
				INFOPLIST_KEY_UILaunchStoryboardName = LaunchScreen;
				INFOPLIST_KEY_UIMainStoryboardFile = Main;
				INFOPLIST_KEY_UISupportedInterfaceOrientations_iPad = "UIInterfaceOrientationPortrait UIInterfaceOrientationPortraitUpsideDown UIInterfaceOrientationLandscapeLeft UIInterfaceOrientationLandscapeRight";
				INFOPLIST_KEY_UISupportedInterfaceOrientations_iPhone = "UIInterfaceOrientationPortrait UIInterfaceOrientationLandscapeLeft UIInterfaceOrientationLandscapeRight";
				LD_RUNPATH_SEARCH_PATHS = (
					"$(inherited)",
					"@executable_path/Frameworks",
				);
				MARKETING_VERSION = 1.0;
				PRODUCT_BUNDLE_IDENTIFIER = Iam.MerchMuiv;
				PRODUCT_NAME = "$(TARGET_NAME)";
				SWIFT_EMIT_LOC_STRINGS = YES;
				SWIFT_VERSION = 5.0;
				TARGETED_DEVICE_FAMILY = 1;
			};
			name = Release;
		};
/* End XCBuildConfiguration section */

/* Begin XCConfigurationList section */
		34DAE94928259D7B00354B53 /* Build configuration list for PBXProject "MerchMuiv" */ = {
			isa = XCConfigurationList;
			buildConfigurations = (
				34DAE96028259D7D00354B53 /* Debug */,
				34DAE96128259D7D00354B53 /* Release */,
			);
			defaultConfigurationIsVisible = 0;
			defaultConfigurationName = Release;
		};
		34DAE96228259D7D00354B53 /* Build configuration list for PBXNativeTarget "MerchMuiv" */ = {
			isa = XCConfigurationList;
			buildConfigurations = (
				34DAE96328259D7D00354B53 /* Debug */,
				34DAE96428259D7D00354B53 /* Release */,
			);
			defaultConfigurationIsVisible = 0;
			defaultConfigurationName = Release;
		};
/* End XCConfigurationList section */

/* Begin XCRemoteSwiftPackageReference section */
		34DAE9672825A35400354B53 /* XCRemoteSwiftPackageReference "firebase-ios-sdk" */ = {
			isa = XCRemoteSwiftPackageReference;
			repositoryURL = "https://github.com/firebase/firebase-ios-sdk";
			requirement = {
				branch = master;
				kind = branch;
			};
		};
/* End XCRemoteSwiftPackageReference section */

/* Begin XCSwiftPackageProductDependency section */
		34DAE9682825A35400354B53 /* FirebaseAnalytics */ = {
			isa = XCSwiftPackageProductDependency;
			package = 34DAE9672825A35400354B53 /* XCRemoteSwiftPackageReference "firebase-ios-sdk" */;
			productName = FirebaseAnalytics;
		};
		34DAE96A2825A35400354B53 /* FirebaseAuth */ = {
			isa = XCSwiftPackageProductDependency;
			package = 34DAE9672825A35400354B53 /* XCRemoteSwiftPackageReference "firebase-ios-sdk" */;
			productName = FirebaseAuth;
		};
		34DAE96C2825A35400354B53 /* FirebaseDatabase */ = {
			isa = XCSwiftPackageProductDependency;
			package = 34DAE9672825A35400354B53 /* XCRemoteSwiftPackageReference "firebase-ios-sdk" */;
			productName = FirebaseDatabase;
		};
/* End XCSwiftPackageProductDependency section */
	};
	rootObject = 34DAE94628259D7B00354B53 /* Project object */;
}
